// !$*UTF8*$!
{
	archiveVersion = 1;
	classes = {
	};
	objectVersion = 77;
	objects = {

/* Begin PBXBuildFile section */
		DB373CBC2EB9044200D4F565 /* FirebaseCore in Frameworks */ = {isa = PBXBuildFile; productRef = DB373CBB2EB9044200D4F565 /* FirebaseCore */; };
		DB373CBE2EB9044200D4F565 /* FirebaseMessaging in Frameworks */ = {isa = PBXBuildFile; productRef = DB373CBD2EB9044200D4F565 /* FirebaseMessaging */; };
/* End PBXBuildFile section */

/* Begin PBXContainerItemProxy section */
		DB119CD22E7F7AA400649697 /* PBXContainerItemProxy */ = {
			isa = PBXContainerItemProxy;
			containerPortal = DB119CB82E7F7AA100649697 /* Project object */;
			proxyType = 1;
			remoteGlobalIDString = DB119CBF2E7F7AA100649697;
			remoteInfo = Lyf;
		};
		DB119CDC2E7F7AA400649697 /* PBXContainerItemProxy */ = {
			isa = PBXContainerItemProxy;
			containerPortal = DB119CB82E7F7AA100649697 /* Project object */;
			proxyType = 1;
			remoteGlobalIDString = DB119CBF2E7F7AA100649697;
			remoteInfo = Lyf;
		};
/* End PBXContainerItemProxy section */

/* Begin PBXFileReference section */
		DB119CC02E7F7AA100649697 /* Lyf.app */ = {isa = PBXFileReference; explicitFileType = wrapper.application; includeInIndex = 0; path = Lyf.app; sourceTree = BUILT_PRODUCTS_DIR; };
		DB119CD12E7F7AA400649697 /* LyfTests.xctest */ = {isa = PBXFileReference; explicitFileType = wrapper.cfbundle; includeInIndex = 0; path = LyfTests.xctest; sourceTree = BUILT_PRODUCTS_DIR; };
		DB119CDB2E7F7AA400649697 /* LyfUITests.xctest */ = {isa = PBXFileReference; explicitFileType = wrapper.cfbundle; includeInIndex = 0; path = LyfUITests.xctest; sourceTree = BUILT_PRODUCTS_DIR; };
/* End PBXFileReference section */

/* Begin PBXFileSystemSynchronizedBuildFileExceptionSet section */
		DB119CE32E7F7AA400649697 /* Exceptions for "Lyf" folder in "Lyf" target */ = {
			isa = PBXFileSystemSynchronizedBuildFileExceptionSet;
			membershipExceptions = (
				Info.plist,
			);
			target = DB119CBF2E7F7AA100649697 /* Lyf */;
		};
/* End PBXFileSystemSynchronizedBuildFileExceptionSet section */

/* Begin PBXFileSystemSynchronizedRootGroup section */
		DB119CC22E7F7AA100649697 /* Lyf */ = {
			isa = PBXFileSystemSynchronizedRootGroup;
			exceptions = (
				DB119CE32E7F7AA400649697 /* Exceptions for "Lyf" folder in "Lyf" target */,
			);
			path = Lyf;
			sourceTree = "<group>";
		};
		DB119CD42E7F7AA400649697 /* LyfTests */ = {
			isa = PBXFileSystemSynchronizedRootGroup;
			path = LyfTests;
			sourceTree = "<group>";
		};
		DB119CDE2E7F7AA400649697 /* LyfUITests */ = {
			isa = PBXFileSystemSynchronizedRootGroup;
			path = LyfUITests;
			sourceTree = "<group>";
		};
/* End PBXFileSystemSynchronizedRootGroup section */

/* Begin PBXFrameworksBuildPhase section */
		DB119CBD2E7F7AA100649697 /* Frameworks */ = {
			isa = PBXFrameworksBuildPhase;
			buildActionMask = 2147483647;
			files = (
				DB373CBE2EB9044200D4F565 /* FirebaseMessaging in Frameworks */,
				DB373CBC2EB9044200D4F565 /* FirebaseCore in Frameworks */,
			);
			runOnlyForDeploymentPostprocessing = 0;
		};
		DB119CCE2E7F7AA400649697 /* Frameworks */ = {
			isa = PBXFrameworksBuildPhase;
			buildActionMask = 2147483647;
			files = (
			);
			runOnlyForDeploymentPostprocessing = 0;
		};
		DB119CD82E7F7AA400649697 /* Frameworks */ = {
			isa = PBXFrameworksBuildPhase;
			buildActionMask = 2147483647;
			files = (
			);
			runOnlyForDeploymentPostprocessing = 0;
		};
/* End PBXFrameworksBuildPhase section */

/* Begin PBXGroup section */
		DB119CB72E7F7AA100649697 = {
			isa = PBXGroup;
			children = (
				DB119CC22E7F7AA100649697 /* Lyf */,
				DB119CD42E7F7AA400649697 /* LyfTests */,
				DB119CDE2E7F7AA400649697 /* LyfUITests */,
				DB119CC12E7F7AA100649697 /* Products */,
			);
			sourceTree = "<group>";
		};
		DB119CC12E7F7AA100649697 /* Products */ = {
			isa = PBXGroup;
			children = (
				DB119CC02E7F7AA100649697 /* Lyf.app */,
				DB119CD12E7F7AA400649697 /* LyfTests.xctest */,
				DB119CDB2E7F7AA400649697 /* LyfUITests.xctest */,
			);
			name = Products;
			sourceTree = "<group>";
		};
/* End PBXGroup section */

/* Begin PBXNativeTarget section */
		DB119CBF2E7F7AA100649697 /* Lyf */ = {
			isa = PBXNativeTarget;
			buildConfigurationList = DB119CE42E7F7AA400649697 /* Build configuration list for PBXNativeTarget "Lyf" */;
			buildPhases = (
				DB119CBC2E7F7AA100649697 /* Sources */,
				DB119CBD2E7F7AA100649697 /* Frameworks */,
				DB119CBE2E7F7AA100649697 /* Resources */,
			);
			buildRules = (
			);
			dependencies = (
			);
			fileSystemSynchronizedGroups = (
				DB119CC22E7F7AA100649697 /* Lyf */,
			);
			name = Lyf;
			packageProductDependencies = (
				DB373CBB2EB9044200D4F565 /* FirebaseCore */,
				DB373CBD2EB9044200D4F565 /* FirebaseMessaging */,
			);
			productName = Lyf;
			productReference = DB119CC02E7F7AA100649697 /* Lyf.app */;
			productType = "com.apple.product-type.application";
		};
		DB119CD02E7F7AA400649697 /* LyfTests */ = {
			isa = PBXNativeTarget;
			buildConfigurationList = DB119CE92E7F7AA400649697 /* Build configuration list for PBXNativeTarget "LyfTests" */;
			buildPhases = (
				DB119CCD2E7F7AA400649697 /* Sources */,
				DB119CCE2E7F7AA400649697 /* Frameworks */,
				DB119CCF2E7F7AA400649697 /* Resources */,
			);
			buildRules = (
			);
			dependencies = (
				DB119CD32E7F7AA400649697 /* PBXTargetDependency */,
			);
			fileSystemSynchronizedGroups = (
				DB119CD42E7F7AA400649697 /* LyfTests */,
			);
			name = LyfTests;
			packageProductDependencies = (
			);
			productName = LyfTests;
			productReference = DB119CD12E7F7AA400649697 /* LyfTests.xctest */;
			productType = "com.apple.product-type.bundle.unit-test";
		};
		DB119CDA2E7F7AA400649697 /* LyfUITests */ = {
			isa = PBXNativeTarget;
			buildConfigurationList = DB119CEC2E7F7AA400649697 /* Build configuration list for PBXNativeTarget "LyfUITests" */;
			buildPhases = (
				DB119CD72E7F7AA400649697 /* Sources */,
				DB119CD82E7F7AA400649697 /* Frameworks */,
				DB119CD92E7F7AA400649697 /* Resources */,
			);
			buildRules = (
			);
			dependencies = (
				DB119CDD2E7F7AA400649697 /* PBXTargetDependency */,
			);
			fileSystemSynchronizedGroups = (
				DB119CDE2E7F7AA400649697 /* LyfUITests */,
			);
			name = LyfUITests;
			packageProductDependencies = (
			);
			productName = LyfUITests;
			productReference = DB119CDB2E7F7AA400649697 /* LyfUITests.xctest */;
			productType = "com.apple.product-type.bundle.ui-testing";
		};
/* End PBXNativeTarget section */

/* Begin PBXProject section */
		DB119CB82E7F7AA100649697 /* Project object */ = {
			isa = PBXProject;
			attributes = {
				BuildIndependentTargetsInParallel = 1;
				LastSwiftUpdateCheck = 1640;
				LastUpgradeCheck = 1640;
				TargetAttributes = {
					DB119CBF2E7F7AA100649697 = {
						CreatedOnToolsVersion = 16.4;
					};
					DB119CD02E7F7AA400649697 = {
						CreatedOnToolsVersion = 16.4;
						TestTargetID = DB119CBF2E7F7AA100649697;
					};
					DB119CDA2E7F7AA400649697 = {
						CreatedOnToolsVersion = 16.4;
						TestTargetID = DB119CBF2E7F7AA100649697;
					};
				};
			};
			buildConfigurationList = DB119CBB2E7F7AA100649697 /* Build configuration list for PBXProject "Lyf" */;
			developmentRegion = en;
			hasScannedForEncodings = 0;
			knownRegions = (
				en,
				Base,
			);
			mainGroup = DB119CB72E7F7AA100649697;
			minimizedProjectReferenceProxies = 1;
			packageReferences = (
				DB373CBA2EB9044200D4F565 /* XCRemoteSwiftPackageReference "firebase-ios-sdk" */,
			);
			preferredProjectObjectVersion = 77;
			productRefGroup = DB119CC12E7F7AA100649697 /* Products */;
			projectDirPath = "";
			projectRoot = "";
			targets = (
				DB119CBF2E7F7AA100649697 /* Lyf */,
				DB119CD02E7F7AA400649697 /* LyfTests */,
				DB119CDA2E7F7AA400649697 /* LyfUITests */,
			);
		};
/* End PBXProject section */

/* Begin PBXResourcesBuildPhase section */
		DB119CBE2E7F7AA100649697 /* Resources */ = {
			isa = PBXResourcesBuildPhase;
			buildActionMask = 2147483647;
			files = (
			);
			runOnlyForDeploymentPostprocessing = 0;
		};
		DB119CCF2E7F7AA400649697 /* Resources */ = {
			isa = PBXResourcesBuildPhase;
			buildActionMask = 2147483647;
			files = (
			);
			runOnlyForDeploymentPostprocessing = 0;
		};
		DB119CD92E7F7AA400649697 /* Resources */ = {
			isa = PBXResourcesBuildPhase;
			buildActionMask = 2147483647;
			files = (
			);
			runOnlyForDeploymentPostprocessing = 0;
		};
/* End PBXResourcesBuildPhase section */

/* Begin PBXSourcesBuildPhase section */
		DB119CBC2E7F7AA100649697 /* Sources */ = {
			isa = PBXSourcesBuildPhase;
			buildActionMask = 2147483647;
			files = (
			);
			runOnlyForDeploymentPostprocessing = 0;
		};
		DB119CCD2E7F7AA400649697 /* Sources */ = {
			isa = PBXSourcesBuildPhase;
			buildActionMask = 2147483647;
			files = (
			);
			runOnlyForDeploymentPostprocessing = 0;
		};
		DB119CD72E7F7AA400649697 /* Sources */ = {
			isa = PBXSourcesBuildPhase;
			buildActionMask = 2147483647;
			files = (
			);
			runOnlyForDeploymentPostprocessing = 0;
		};
/* End PBXSourcesBuildPhase section */

/* Begin PBXTargetDependency section */
		DB119CD32E7F7AA400649697 /* PBXTargetDependency */ = {
			isa = PBXTargetDependency;
			target = DB119CBF2E7F7AA100649697 /* Lyf */;
			targetProxy = DB119CD22E7F7AA400649697 /* PBXContainerItemProxy */;
		};
		DB119CDD2E7F7AA400649697 /* PBXTargetDependency */ = {
			isa = PBXTargetDependency;
			target = DB119CBF2E7F7AA100649697 /* Lyf */;
			targetProxy = DB119CDC2E7F7AA400649697 /* PBXContainerItemProxy */;
		};
/* End PBXTargetDependency section */

/* Begin XCBuildConfiguration section */
		DB119CE52E7F7AA400649697 /* Debug */ = {
			isa = XCBuildConfiguration;
			buildSettings = {
				ASSETCATALOG_COMPILER_APPICON_NAME = AppIcon;
				ASSETCATALOG_COMPILER_GLOBAL_ACCENT_COLOR_NAME = AccentColor;
				CODE_SIGN_ENTITLEMENTS = Lyf/Lyf.entitlements;
				CODE_SIGN_STYLE = Automatic;
				CURRENT_PROJECT_VERSION = 1;
				DEVELOPMENT_TEAM = 832SSW6L8G;
				ENABLE_PREVIEWS = YES;
				GENERATE_INFOPLIST_FILE = YES;
				INFOPLIST_FILE = Lyf/Info.plist;
				INFOPLIST_KEY_UIApplicationSceneManifest_Generation = YES;
				INFOPLIST_KEY_UIApplicationSupportsIndirectInputEvents = YES;
				INFOPLIST_KEY_UILaunchScreen_Generation = YES;
				INFOPLIST_KEY_UISupportedInterfaceOrientations_iPad = "UIInterfaceOrientationPortrait UIInterfaceOrientationPortraitUpsideDown UIInterfaceOrientationLandscapeLeft UIInterfaceOrientationLandscapeRight";
				INFOPLIST_KEY_UISupportedInterfaceOrientations_iPhone = "UIInterfaceOrientationPortrait UIInterfaceOrientationLandscapeLeft UIInterfaceOrientationLandscapeRight";
				IPHONEOS_DEPLOYMENT_TARGET = 26.0;
				LD_RUNPATH_SEARCH_PATHS = (
					"$(inherited)",
					"@executable_path/Frameworks",
				);
				MARKETING_VERSION = 1.0;
				PRODUCT_BUNDLE_IDENTIFIER = swift.Lyf;
				PRODUCT_NAME = "$(TARGET_NAME)";
				SWIFT_EMIT_LOC_STRINGS = YES;
				SWIFT_VERSION = 5.0;
				TARGETED_DEVICE_FAMILY = "1,2";
			};
			name = Debug;
		};
		DB119CE62E7F7AA400649697 /* Release */ = {
			isa = XCBuildConfiguration;
			buildSettings = {
				ASSETCATALOG_COMPILER_APPICON_NAME = AppIcon;
				ASSETCATALOG_COMPILER_GLOBAL_ACCENT_COLOR_NAME = AccentColor;
				CODE_SIGN_ENTITLEMENTS = Lyf/LyfRelease.entitlements;
				CODE_SIGN_STYLE = Automatic;
				CURRENT_PROJECT_VERSION = 1;
				DEVELOPMENT_TEAM = 832SSW6L8G;
				ENABLE_PREVIEWS = YES;
				GENERATE_INFOPLIST_FILE = YES;
				INFOPLIST_FILE = Lyf/Info.plist;
				INFOPLIST_KEY_UIApplicationSceneManifest_Generation = YES;
				INFOPLIST_KEY_UIApplicationSupportsIndirectInputEvents = YES;
				INFOPLIST_KEY_UILaunchScreen_Generation = YES;
				INFOPLIST_KEY_UISupportedInterfaceOrientations_iPad = "UIInterfaceOrientationPortrait UIInterfaceOrientationPortraitUpsideDown UIInterfaceOrientationLandscapeLeft UIInterfaceOrientationLandscapeRight";
				INFOPLIST_KEY_UISupportedInterfaceOrientations_iPhone = "UIInterfaceOrientationPortrait UIInterfaceOrientationLandscapeLeft UIInterfaceOrientationLandscapeRight";
				IPHONEOS_DEPLOYMENT_TARGET = 26.0;
				LD_RUNPATH_SEARCH_PATHS = (
					"$(inherited)",
					"@executable_path/Frameworks",
				);
				MARKETING_VERSION = 1.0;
				PRODUCT_BUNDLE_IDENTIFIER = swift.Lyf;
				PRODUCT_NAME = "$(TARGET_NAME)";
				SWIFT_EMIT_LOC_STRINGS = YES;
				SWIFT_VERSION = 5.0;
				TARGETED_DEVICE_FAMILY = "1,2";
			};
			name = Release;
		};
		DB119CE72E7F7AA400649697 /* Debug */ = {
			isa = XCBuildConfiguration;
			buildSettings = {
				ALWAYS_SEARCH_USER_PATHS = NO;
				ASSETCATALOG_COMPILER_GENERATE_SWIFT_ASSET_SYMBOL_EXTENSIONS = YES;
				CLANG_ANALYZER_NONNULL = YES;
				CLANG_ANALYZER_NUMBER_OBJECT_CONVERSION = YES_AGGRESSIVE;
				CLANG_CXX_LANGUAGE_STANDARD = "gnu++20";
				CLANG_ENABLE_MODULES = YES;
				CLANG_ENABLE_OBJC_ARC = YES;
				CLANG_ENABLE_OBJC_WEAK = YES;
				CLANG_WARN_BLOCK_CAPTURE_AUTORELEASING = YES;
				CLANG_WARN_BOOL_CONVERSION = YES;
				CLANG_WARN_COMMA = YES;
				CLANG_WARN_CONSTANT_CONVERSION = YES;
				CLANG_WARN_DEPRECATED_OBJC_IMPLEMENTATIONS = YES;
				CLANG_WARN_DIRECT_OBJC_ISA_USAGE = YES_ERROR;
				CLANG_WARN_DOCUMENTATION_COMMENTS = YES;
				CLANG_WARN_EMPTY_BODY = YES;
				CLANG_WARN_ENUM_CONVERSION = YES;
				CLANG_WARN_INFINITE_RECURSION = YES;
				CLANG_WARN_INT_CONVERSION = YES;
				CLANG_WARN_NON_LITERAL_NULL_CONVERSION = YES;
				CLANG_WARN_OBJC_IMPLICIT_RETAIN_SELF = YES;
				CLANG_WARN_OBJC_LITERAL_CONVERSION = YES;
				CLANG_WARN_OBJC_ROOT_CLASS = YES_ERROR;
				CLANG_WARN_QUOTED_INCLUDE_IN_FRAMEWORK_HEADER = YES;
				CLANG_WARN_RANGE_LOOP_ANALYSIS = YES;
				CLANG_WARN_STRICT_PROTOTYPES = YES;
				CLANG_WARN_SUSPICIOUS_MOVE = YES;
				CLANG_WARN_UNGUARDED_AVAILABILITY = YES_AGGRESSIVE;
				CLANG_WARN_UNREACHABLE_CODE = YES;
				CLANG_WARN__DUPLICATE_METHOD_MATCH = YES;
				COPY_PHASE_STRIP = NO;
				DEBUG_INFORMATION_FORMAT = dwarf;
				DEVELOPMENT_TEAM = 832SSW6L8G;
				ENABLE_STRICT_OBJC_MSGSEND = YES;
				ENABLE_TESTABILITY = YES;
				ENABLE_USER_SCRIPT_SANDBOXING = YES;
				GCC_C_LANGUAGE_STANDARD = gnu17;
				GCC_DYNAMIC_NO_PIC = NO;
				GCC_NO_COMMON_BLOCKS = YES;
				GCC_OPTIMIZATION_LEVEL = 0;
				GCC_PREPROCESSOR_DEFINITIONS = (
					"DEBUG=1",
					"$(inherited)",
				);
				GCC_WARN_64_TO_32_BIT_CONVERSION = YES;
				GCC_WARN_ABOUT_RETURN_TYPE = YES_ERROR;
				GCC_WARN_UNDECLARED_SELECTOR = YES;
				GCC_WARN_UNINITIALIZED_AUTOS = YES_AGGRESSIVE;
				GCC_WARN_UNUSED_FUNCTION = YES;
				GCC_WARN_UNUSED_VARIABLE = YES;
				IPHONEOS_DEPLOYMENT_TARGET = 26.0;
				LOCALIZATION_PREFERS_STRING_CATALOGS = YES;
				MTL_ENABLE_DEBUG_INFO = INCLUDE_SOURCE;
				MTL_FAST_MATH = YES;
				ONLY_ACTIVE_ARCH = YES;
				SDKROOT = iphoneos;
				SWIFT_ACTIVE_COMPILATION_CONDITIONS = "DEBUG $(inherited)";
				SWIFT_OPTIMIZATION_LEVEL = "-Onone";
			};
			name = Debug;
		};
		DB119CE82E7F7AA400649697 /* Release */ = {
			isa = XCBuildConfiguration;
			buildSettings = {
				ALWAYS_SEARCH_USER_PATHS = NO;
				ASSETCATALOG_COMPILER_GENERATE_SWIFT_ASSET_SYMBOL_EXTENSIONS = YES;
				CLANG_ANALYZER_NONNULL = YES;
				CLANG_ANALYZER_NUMBER_OBJECT_CONVERSION = YES_AGGRESSIVE;
				CLANG_CXX_LANGUAGE_STANDARD = "gnu++20";
				CLANG_ENABLE_MODULES = YES;
				CLANG_ENABLE_OBJC_ARC = YES;
				CLANG_ENABLE_OBJC_WEAK = YES;
				CLANG_WARN_BLOCK_CAPTURE_AUTORELEASING = YES;
				CLANG_WARN_BOOL_CONVERSION = YES;
				CLANG_WARN_COMMA = YES;
				CLANG_WARN_CONSTANT_CONVERSION = YES;
				CLANG_WARN_DEPRECATED_OBJC_IMPLEMENTATIONS = YES;
				CLANG_WARN_DIRECT_OBJC_ISA_USAGE = YES_ERROR;
				CLANG_WARN_DOCUMENTATION_COMMENTS = YES;
				CLANG_WARN_EMPTY_BODY = YES;
				CLANG_WARN_ENUM_CONVERSION = YES;
				CLANG_WARN_INFINITE_RECURSION = YES;
				CLANG_WARN_INT_CONVERSION = YES;
				CLANG_WARN_NON_LITERAL_NULL_CONVERSION = YES;
				CLANG_WARN_OBJC_IMPLICIT_RETAIN_SELF = YES;
				CLANG_WARN_OBJC_LITERAL_CONVERSION = YES;
				CLANG_WARN_OBJC_ROOT_CLASS = YES_ERROR;
				CLANG_WARN_QUOTED_INCLUDE_IN_FRAMEWORK_HEADER = YES;
				CLANG_WARN_RANGE_LOOP_ANALYSIS = YES;
				CLANG_WARN_STRICT_PROTOTYPES = YES;
				CLANG_WARN_SUSPICIOUS_MOVE = YES;
				CLANG_WARN_UNGUARDED_AVAILABILITY = YES_AGGRESSIVE;
				CLANG_WARN_UNREACHABLE_CODE = YES;
				CLANG_WARN__DUPLICATE_METHOD_MATCH = YES;
				COPY_PHASE_STRIP = NO;
				DEBUG_INFORMATION_FORMAT = "dwarf-with-dsym";
				DEVELOPMENT_TEAM = 832SSW6L8G;
				ENABLE_NS_ASSERTIONS = NO;
				ENABLE_STRICT_OBJC_MSGSEND = YES;
				ENABLE_USER_SCRIPT_SANDBOXING = YES;
				GCC_C_LANGUAGE_STANDARD = gnu17;
				GCC_NO_COMMON_BLOCKS = YES;
				GCC_WARN_64_TO_32_BIT_CONVERSION = YES;
				GCC_WARN_ABOUT_RETURN_TYPE = YES_ERROR;
				GCC_WARN_UNDECLARED_SELECTOR = YES;
				GCC_WARN_UNINITIALIZED_AUTOS = YES_AGGRESSIVE;
				GCC_WARN_UNUSED_FUNCTION = YES;
				GCC_WARN_UNUSED_VARIABLE = YES;
				IPHONEOS_DEPLOYMENT_TARGET = 26.0;
				LOCALIZATION_PREFERS_STRING_CATALOGS = YES;
				MTL_ENABLE_DEBUG_INFO = NO;
				MTL_FAST_MATH = YES;
				SDKROOT = iphoneos;
				SWIFT_COMPILATION_MODE = wholemodule;
				VALIDATE_PRODUCT = YES;
			};
			name = Release;
		};
		DB119CEA2E7F7AA400649697 /* Debug */ = {
			isa = XCBuildConfiguration;
			buildSettings = {
				BUNDLE_LOADER = "$(TEST_HOST)";
				CODE_SIGN_STYLE = Automatic;
				CURRENT_PROJECT_VERSION = 1;
				DEVELOPMENT_TEAM = 832SSW6L8G;
				GENERATE_INFOPLIST_FILE = YES;
				IPHONEOS_DEPLOYMENT_TARGET = 18.5;
				MARKETING_VERSION = 1.0;
				PRODUCT_BUNDLE_IDENTIFIER = swift.LyfTests;
				PRODUCT_NAME = "$(TARGET_NAME)";
				SWIFT_EMIT_LOC_STRINGS = NO;
				SWIFT_VERSION = 5.0;
				TARGETED_DEVICE_FAMILY = "1,2";
				TEST_HOST = "$(BUILT_PRODUCTS_DIR)/Lyf.app/$(BUNDLE_EXECUTABLE_FOLDER_PATH)/Lyf";
			};
			name = Debug;
		};
		DB119CEB2E7F7AA400649697 /* Release */ = {
			isa = XCBuildConfiguration;
			buildSettings = {
				BUNDLE_LOADER = "$(TEST_HOST)";
				CODE_SIGN_STYLE = Automatic;
				CURRENT_PROJECT_VERSION = 1;
				DEVELOPMENT_TEAM = 832SSW6L8G;
				GENERATE_INFOPLIST_FILE = YES;
				IPHONEOS_DEPLOYMENT_TARGET = 18.5;
				MARKETING_VERSION = 1.0;
				PRODUCT_BUNDLE_IDENTIFIER = swift.LyfTests;
				PRODUCT_NAME = "$(TARGET_NAME)";
				SWIFT_EMIT_LOC_STRINGS = NO;
				SWIFT_VERSION = 5.0;
				TARGETED_DEVICE_FAMILY = "1,2";
				TEST_HOST = "$(BUILT_PRODUCTS_DIR)/Lyf.app/$(BUNDLE_EXECUTABLE_FOLDER_PATH)/Lyf";
			};
			name = Release;
		};
		DB119CED2E7F7AA400649697 /* Debug */ = {
			isa = XCBuildConfiguration;
			buildSettings = {
				CODE_SIGN_STYLE = Automatic;
				CURRENT_PROJECT_VERSION = 1;
				DEVELOPMENT_TEAM = 832SSW6L8G;
				GENERATE_INFOPLIST_FILE = YES;
				MARKETING_VERSION = 1.0;
				PRODUCT_BUNDLE_IDENTIFIER = swift.LyfUITests;
				PRODUCT_NAME = "$(TARGET_NAME)";
				SWIFT_EMIT_LOC_STRINGS = NO;
				SWIFT_VERSION = 5.0;
				TARGETED_DEVICE_FAMILY = "1,2";
				TEST_TARGET_NAME = Lyf;
			};
			name = Debug;
		};
		DB119CEE2E7F7AA400649697 /* Release */ = {
			isa = XCBuildConfiguration;
			buildSettings = {
				CODE_SIGN_STYLE = Automatic;
				CURRENT_PROJECT_VERSION = 1;
				DEVELOPMENT_TEAM = 832SSW6L8G;
				GENERATE_INFOPLIST_FILE = YES;
				MARKETING_VERSION = 1.0;
				PRODUCT_BUNDLE_IDENTIFIER = swift.LyfUITests;
				PRODUCT_NAME = "$(TARGET_NAME)";
				SWIFT_EMIT_LOC_STRINGS = NO;
				SWIFT_VERSION = 5.0;
				TARGETED_DEVICE_FAMILY = "1,2";
				TEST_TARGET_NAME = Lyf;
			};
			name = Release;
		};
/* End XCBuildConfiguration section */

/* Begin XCConfigurationList section */
		DB119CBB2E7F7AA100649697 /* Build configuration list for PBXProject "Lyf" */ = {
			isa = XCConfigurationList;
			buildConfigurations = (
				DB119CE72E7F7AA400649697 /* Debug */,
				DB119CE82E7F7AA400649697 /* Release */,
			);
			defaultConfigurationIsVisible = 0;
			defaultConfigurationName = Release;
		};
		DB119CE42E7F7AA400649697 /* Build configuration list for PBXNativeTarget "Lyf" */ = {
			isa = XCConfigurationList;
			buildConfigurations = (
				DB119CE52E7F7AA400649697 /* Debug */,
				DB119CE62E7F7AA400649697 /* Release */,
			);
			defaultConfigurationIsVisible = 0;
			defaultConfigurationName = Release;
		};
		DB119CE92E7F7AA400649697 /* Build configuration list for PBXNativeTarget "LyfTests" */ = {
			isa = XCConfigurationList;
			buildConfigurations = (
				DB119CEA2E7F7AA400649697 /* Debug */,
				DB119CEB2E7F7AA400649697 /* Release */,
			);
			defaultConfigurationIsVisible = 0;
			defaultConfigurationName = Release;
		};
		DB119CEC2E7F7AA400649697 /* Build configuration list for PBXNativeTarget "LyfUITests" */ = {
			isa = XCConfigurationList;
			buildConfigurations = (
				DB119CED2E7F7AA400649697 /* Debug */,
				DB119CEE2E7F7AA400649697 /* Release */,
			);
			defaultConfigurationIsVisible = 0;
			defaultConfigurationName = Release;
		};
/* End XCConfigurationList section */

/* Begin XCRemoteSwiftPackageReference section */
		DB373CBA2EB9044200D4F565 /* XCRemoteSwiftPackageReference "firebase-ios-sdk" */ = {
			isa = XCRemoteSwiftPackageReference;
			repositoryURL = "https://github.com/firebase/firebase-ios-sdk";
			requirement = {
				kind = upToNextMajorVersion;
				minimumVersion = 12.5.0;
			};
		};
/* End XCRemoteSwiftPackageReference section */

/* Begin XCSwiftPackageProductDependency section */
		DB373CBB2EB9044200D4F565 /* FirebaseCore */ = {
			isa = XCSwiftPackageProductDependency;
			package = DB373CBA2EB9044200D4F565 /* XCRemoteSwiftPackageReference "firebase-ios-sdk" */;
			productName = FirebaseCore;
		};
		DB373CBD2EB9044200D4F565 /* FirebaseMessaging */ = {
			isa = XCSwiftPackageProductDependency;
			package = DB373CBA2EB9044200D4F565 /* XCRemoteSwiftPackageReference "firebase-ios-sdk" */;
			productName = FirebaseMessaging;
		};
/* End XCSwiftPackageProductDependency section */
	};
	rootObject = DB119CB82E7F7AA100649697 /* Project object */;
}
